
Microsoft Visual Studio Solution File, Format Version 12.00
# Visual Studio Version 16
VisualStudioVersion = 16.0.31729.503
MinimumVisualStudioVersion = 10.0.40219.1
Project("{FAE04EC0-301F-11D3-BF4B-00C04F79EFBC}") = "AmariVettori6", "AmariVettori6\AmariVettori6.csproj", "{BFD10C65-B641-4EAD-918D-E464F3CCE4B5}"
EndProject
Global
	GlobalSection(SolutionConfigurationPlatforms) = preSolution
		Debug|Any CPU = Debug|Any CPU
		Release|Any CPU = Release|Any CPU
	EndGlobalSection
	GlobalSection(ProjectConfigurationPlatforms) = postSolution
		{BFD10C65-B641-4EAD-918D-E464F3CCE4B5}.Debug|Any CPU.ActiveCfg = Debug|Any CPU
		{BFD10C65-B641-4EAD-918D-E464F3CCE4B5}.Debug|Any CPU.Build.0 = Debug|Any CPU
		{BFD10C65-B641-4EAD-918D-E464F3CCE4B5}.Release|Any CPU.ActiveCfg = Release|Any CPU
		{BFD10C65-B641-4EAD-918D-E464F3CCE4B5}.Release|Any CPU.Build.0 = Release|Any CPU
	EndGlobalSection
	GlobalSection(SolutionProperties) = preSolution
		HideSolutionNode = FALSE
	EndGlobalSection
	GlobalSection(ExtensibilityGlobals) = postSolution
		SolutionGuid = {EFB122C9-8F8F-4382-A2F7-121CB2D82248}
	EndGlobalSection
EndGlobal
